
Microsoft Visual Studio Solution File, Format Version 12.00
# Visual Studio Version 16
VisualStudioVersion = 16.0.29409.12
MinimumVisualStudioVersion = 10.0.40219.1
Project("{8BC9CEB8-8B4A-11D0-8D11-00A0C91BC942}") = "hash", "altorithm for coding test\altorithm for coding test.vcxproj", "{E07165F9-FD9D-48DB-BE76-DE471F48BF4D}"
EndProject
Project("{8BC9CEB8-8B4A-11D0-8D11-00A0C91BC942}") = "vector", "vector\vector.vcxproj", "{0D5688F0-6C21-43D6-934D-7C343124D2C7}"
EndProject
Global
	GlobalSection(SolutionConfigurationPlatforms) = preSolution
		Debug|x64 = Debug|x64
		Debug|x86 = Debug|x86
		Release|x64 = Release|x64
		Release|x86 = Release|x86
	EndGlobalSection
	GlobalSection(ProjectConfigurationPlatforms) = postSolution
		{E07165F9-FD9D-48DB-BE76-DE471F48BF4D}.Debug|x64.ActiveCfg = Debug|x64
		{E07165F9-FD9D-48DB-BE76-DE471F48BF4D}.Debug|x64.Build.0 = Debug|x64
		{E07165F9-FD9D-48DB-BE76-DE471F48BF4D}.Debug|x86.ActiveCfg = Debug|Win32
		{E07165F9-FD9D-48DB-BE76-DE471F48BF4D}.Debug|x86.Build.0 = Debug|Win32
		{E07165F9-FD9D-48DB-BE76-DE471F48BF4D}.Release|x64.ActiveCfg = Release|x64
		{E07165F9-FD9D-48DB-BE76-DE471F48BF4D}.Release|x64.Build.0 = Release|x64
		{E07165F9-FD9D-48DB-BE76-DE471F48BF4D}.Release|x86.ActiveCfg = Release|Win32
		{E07165F9-FD9D-48DB-BE76-DE471F48BF4D}.Release|x86.Build.0 = Release|Win32
		{0D5688F0-6C21-43D6-934D-7C343124D2C7}.Debug|x64.ActiveCfg = Debug|x64
		{0D5688F0-6C21-43D6-934D-7C343124D2C7}.Debug|x64.Build.0 = Debug|x64
		{0D5688F0-6C21-43D6-934D-7C343124D2C7}.Debug|x86.ActiveCfg = Debug|Win32
		{0D5688F0-6C21-43D6-934D-7C343124D2C7}.Debug|x86.Build.0 = Debug|Win32
		{0D5688F0-6C21-43D6-934D-7C343124D2C7}.Release|x64.ActiveCfg = Release|x64
		{0D5688F0-6C21-43D6-934D-7C343124D2C7}.Release|x64.Build.0 = Release|x64
		{0D5688F0-6C21-43D6-934D-7C343124D2C7}.Release|x86.ActiveCfg = Release|Win32
		{0D5688F0-6C21-43D6-934D-7C343124D2C7}.Release|x86.Build.0 = Release|Win32
	EndGlobalSection
	GlobalSection(SolutionProperties) = preSolution
		HideSolutionNode = FALSE
	EndGlobalSection
	GlobalSection(ExtensibilityGlobals) = postSolution
		SolutionGuid = {DD0CCF31-E38B-4CBD-8F65-A2BE41E4920C}
	EndGlobalSection
EndGlobal
